github.com/Smerrony/tello v0.9.3/go.mod h1:tTEDBHhCyKUwuwXfD6Vkl3wR0H19IehYAy56lUhYlgM=
github.com/jstolp/tello v0.9.6 h1:WFGvXUglXCXJ992TZzBmLNKfuJgOuAi++JbzZRGKhNk=
github.com/jstolp/tello v0.9.6/go.mod h1:tE7/PRPE+o+x0olc+MlHyx/8jXrOQ3ocW4Czk4vzFH8=
github.com/jstolp/tello v0.9.7 h1:d+CLGgTb0W/6xiI1UfzeX5On7zZ56ysgo4Cq9ju9Qws=
github.com/jstolp/tello v0.9.7/go.mod h1:tE7/PRPE+o+x0olc+MlHyx/8jXrOQ3ocW4Czk4vzFH8=
